
Microsoft Visual Studio Solution File, Format Version 12.00
# Visual Studio 2013
VisualStudioVersion = 12.0.31101.0
MinimumVisualStudioVersion = 10.0.40219.1
Project("{FAE04EC0-301F-11D3-BF4B-00C04F79EFBC}") = "ProjetoHotelWeb", "ProjetoHotelWeb\ProjetoHotelWeb.csproj", "{84E7FC72-1C3C-4523-B906-8D4FEB8A182A}"
EndProject
Project("{FAE04EC0-301F-11D3-BF4B-00C04F79EFBC}") = "Infraestrutura", "Infraestrutura\Infraestrutura.csproj", "{253C26F6-7AC1-48DB-86B5-D0317B7AAE13}"
EndProject
Project("{FAE04EC0-301F-11D3-BF4B-00C04F79EFBC}") = "Dominio", "Dominio\Dominio.csproj", "{99849204-2281-414E-8D1F-C49FB00FDAC1}"
EndProject
Project("{FAE04EC0-301F-11D3-BF4B-00C04F79EFBC}") = "ProjectHotelWebTest", "ProjectHotelWebTest\ProjectHotelWebTest.csproj", "{8C270DBB-540F-4019-917C-F37FC3C7ABF9}"
EndProject
Global
	GlobalSection(SolutionConfigurationPlatforms) = preSolution
		Debug|Any CPU = Debug|Any CPU
		Release|Any CPU = Release|Any CPU
	EndGlobalSection
	GlobalSection(ProjectConfigurationPlatforms) = postSolution
		{84E7FC72-1C3C-4523-B906-8D4FEB8A182A}.Debug|Any CPU.ActiveCfg = Debug|Any CPU
		{84E7FC72-1C3C-4523-B906-8D4FEB8A182A}.Debug|Any CPU.Build.0 = Debug|Any CPU
		{84E7FC72-1C3C-4523-B906-8D4FEB8A182A}.Release|Any CPU.ActiveCfg = Release|Any CPU
		{84E7FC72-1C3C-4523-B906-8D4FEB8A182A}.Release|Any CPU.Build.0 = Release|Any CPU
		{253C26F6-7AC1-48DB-86B5-D0317B7AAE13}.Debug|Any CPU.ActiveCfg = Debug|Any CPU
		{253C26F6-7AC1-48DB-86B5-D0317B7AAE13}.Debug|Any CPU.Build.0 = Debug|Any CPU
		{253C26F6-7AC1-48DB-86B5-D0317B7AAE13}.Release|Any CPU.ActiveCfg = Release|Any CPU
		{253C26F6-7AC1-48DB-86B5-D0317B7AAE13}.Release|Any CPU.Build.0 = Release|Any CPU
		{99849204-2281-414E-8D1F-C49FB00FDAC1}.Debug|Any CPU.ActiveCfg = Debug|Any CPU
		{99849204-2281-414E-8D1F-C49FB00FDAC1}.Debug|Any CPU.Build.0 = Debug|Any CPU
		{99849204-2281-414E-8D1F-C49FB00FDAC1}.Release|Any CPU.ActiveCfg = Release|Any CPU
		{99849204-2281-414E-8D1F-C49FB00FDAC1}.Release|Any CPU.Build.0 = Release|Any CPU
		{8C270DBB-540F-4019-917C-F37FC3C7ABF9}.Debug|Any CPU.ActiveCfg = Debug|Any CPU
		{8C270DBB-540F-4019-917C-F37FC3C7ABF9}.Debug|Any CPU.Build.0 = Debug|Any CPU
		{8C270DBB-540F-4019-917C-F37FC3C7ABF9}.Release|Any CPU.ActiveCfg = Release|Any CPU
		{8C270DBB-540F-4019-917C-F37FC3C7ABF9}.Release|Any CPU.Build.0 = Release|Any CPU
	EndGlobalSection
	GlobalSection(SolutionProperties) = preSolution
		HideSolutionNode = FALSE
	EndGlobalSection
EndGlobal
